
Microsoft Visual Studio Solution File, Format Version 12.00
# Visual Studio Version 16
VisualStudioVersion = 16.0.29009.5
MinimumVisualStudioVersion = 10.0.40219.1
Project("{888888A0-9F3D-457C-B088-3A5042F75D52}") = "CreateHelloFlask", "CreateHelloFlask.pyproj", "{A78FBC32-AFA3-4E3A-B13E-5A0158416F56}"
EndProject
Global
	GlobalSection(SolutionConfigurationPlatforms) = preSolution
		Debug|Any CPU = Debug|Any CPU
		Release|Any CPU = Release|Any CPU
	EndGlobalSection
	GlobalSection(ProjectConfigurationPlatforms) = postSolution
		{A78FBC32-AFA3-4E3A-B13E-5A0158416F56}.Debug|Any CPU.ActiveCfg = Debug|Any CPU
		{A78FBC32-AFA3-4E3A-B13E-5A0158416F56}.Debug|Any CPU.Build.0 = Debug|Any CPU
		{A78FBC32-AFA3-4E3A-B13E-5A0158416F56}.Release|Any CPU.ActiveCfg = Release|Any CPU
		{A78FBC32-AFA3-4E3A-B13E-5A0158416F56}.Release|Any CPU.Build.0 = Release|Any CPU
	EndGlobalSection
	GlobalSection(SolutionProperties) = preSolution
		HideSolutionNode = FALSE
	EndGlobalSection
	GlobalSection(ExtensibilityGlobals) = postSolution
		SolutionGuid = {C2CFB84C-0B0D-42EA-B146-82631E5AD2DF}
	EndGlobalSection
EndGlobal
